
Microsoft Visual Studio Solution File, Format Version 12.00
# Visual Studio Version 16
VisualStudioVersion = 16.0.29709.97
MinimumVisualStudioVersion = 10.0.40219.1
Project("{FAE04EC0-301F-11D3-BF4B-00C04F79EFBC}") = "Proyecto basura 293289328 ce sharp", "Proyecto basura 293289328 ce sharp\Proyecto basura 293289328 ce sharp.csproj", "{B32F1E09-4BA2-4CEA-9EDA-5C910F77F4D2}"
EndProject
Global
	GlobalSection(SolutionConfigurationPlatforms) = preSolution
		Debug|Any CPU = Debug|Any CPU
		Release|Any CPU = Release|Any CPU
	EndGlobalSection
	GlobalSection(ProjectConfigurationPlatforms) = postSolution
		{B32F1E09-4BA2-4CEA-9EDA-5C910F77F4D2}.Debug|Any CPU.ActiveCfg = Debug|Any CPU
		{B32F1E09-4BA2-4CEA-9EDA-5C910F77F4D2}.Debug|Any CPU.Build.0 = Debug|Any CPU
		{B32F1E09-4BA2-4CEA-9EDA-5C910F77F4D2}.Release|Any CPU.ActiveCfg = Release|Any CPU
		{B32F1E09-4BA2-4CEA-9EDA-5C910F77F4D2}.Release|Any CPU.Build.0 = Release|Any CPU
	EndGlobalSection
	GlobalSection(SolutionProperties) = preSolution
		HideSolutionNode = FALSE
	EndGlobalSection
	GlobalSection(ExtensibilityGlobals) = postSolution
		SolutionGuid = {2001465F-2806-44DA-B673-DE3F894C7FC1}
	EndGlobalSection
EndGlobal
